// !$*UTF8*$!
{
	archiveVersion = 1;
	classes = {
	};
	objectVersion = 50;
	objects = {

/* Begin PBXBuildFile section */
		BC074E762257FABF00311107 /* iOSKeychainTests.swift in Sources */ = {isa = PBXBuildFile; fileRef = BC074E752257FABF00311107 /* iOSKeychainTests.swift */; };
		BC074E7822580AFD00311107 /* KeychainPasswordItem.swift in Sources */ = {isa = PBXBuildFile; fileRef = BC074E7722580AFD00311107 /* KeychainPasswordItem.swift */; };
		BC08F8E6226A378E008D09FB /* Ubuntu-BoldItalic.ttf in Resources */ = {isa = PBXBuildFile; fileRef = BC08F8E5226A378E008D09FB /* Ubuntu-BoldItalic.ttf */; };
		BC08F8E8226A582E008D09FB /* RootContainerVC.swift in Sources */ = {isa = PBXBuildFile; fileRef = BC08F8E7226A582E008D09FB /* RootContainerVC.swift */; };
		BC08F8EA226A5C95008D09FB /* LeftSidePanelVC.swift in Sources */ = {isa = PBXBuildFile; fileRef = BC08F8E9226A5C95008D09FB /* LeftSidePanelVC.swift */; };
		BC08F8F2226A6FF7008D09FB /* LeftSidePanelVC.xib in Resources */ = {isa = PBXBuildFile; fileRef = BC08F8F1226A6FF7008D09FB /* LeftSidePanelVC.xib */; };
		BC2D65DA2204FF6B001C6DA3 /* AppDelegate.swift in Sources */ = {isa = PBXBuildFile; fileRef = BC2D65D92204FF6B001C6DA3 /* AppDelegate.swift */; };
		BC2D65E22204FF6B001C6DA3 /* HDWallet.xcdatamodeld in Sources */ = {isa = PBXBuildFile; fileRef = BC2D65E02204FF6B001C6DA3 /* HDWallet.xcdatamodeld */; };
		BC2D65E42204FF6B001C6DA3 /* Assets.xcassets in Resources */ = {isa = PBXBuildFile; fileRef = BC2D65E32204FF6B001C6DA3 /* Assets.xcassets */; };
		BC2D65E72204FF6B001C6DA3 /* LaunchScreen.storyboard in Resources */ = {isa = PBXBuildFile; fileRef = BC2D65E52204FF6B001C6DA3 /* LaunchScreen.storyboard */; };
		BC2D65FD2204FF6C001C6DA3 /* HDWalletUITests.swift in Sources */ = {isa = PBXBuildFile; fileRef = BC2D65FC2204FF6C001C6DA3 /* HDWalletUITests.swift */; };
		BC2D662E220500D5001C6DA3 /* SMP.swift in Sources */ = {isa = PBXBuildFile; fileRef = BC2D6623220500D5001C6DA3 /* SMP.swift */; };
		BC2D6631220500D5001C6DA3 /* Data+Bitcoin.swift in Sources */ = {isa = PBXBuildFile; fileRef = BC2D6626220500D5001C6DA3 /* Data+Bitcoin.swift */; };
		BC2D6634220500D5001C6DA3 /* SMP+Bitcoin.swift in Sources */ = {isa = PBXBuildFile; fileRef = BC2D6629220500D5001C6DA3 /* SMP+Bitcoin.swift */; };
		BC2D6636220500D5001C6DA3 /* SHA256.swift in Sources */ = {isa = PBXBuildFile; fileRef = BC2D662B220500D5001C6DA3 /* SHA256.swift */; };
		BC2D6637220500D5001C6DA3 /* String+Bitcoin.swift in Sources */ = {isa = PBXBuildFile; fileRef = BC2D662C220500D5001C6DA3 /* String+Bitcoin.swift */; };
		BC509CFA22433A11009E4F31 /* BIP47.swift in Sources */ = {isa = PBXBuildFile; fileRef = BC509CF922433A11009E4F31 /* BIP47.swift */; };
		BC509CFC22433B9A009E4F31 /* BIP47Tests.swift in Sources */ = {isa = PBXBuildFile; fileRef = BC509CFB22433B9A009E4F31 /* BIP47Tests.swift */; };
		BC509D232246E9D0009E4F31 /* WordList.swift in Sources */ = {isa = PBXBuildFile; fileRef = BC509D222246E9D0009E4F31 /* WordList.swift */; };
		BC509D252246E9F7009E4F31 /* SegwitAddrCoder.swift in Sources */ = {isa = PBXBuildFile; fileRef = BC509D242246E9F7009E4F31 /* SegwitAddrCoder.swift */; };
		BC509D272246EA22009E4F31 /* Mnemonic.swift in Sources */ = {isa = PBXBuildFile; fileRef = BC509D262246EA22009E4F31 /* Mnemonic.swift */; };
		BC509D2B2246EA8C009E4F31 /* Bech32.swift in Sources */ = {isa = PBXBuildFile; fileRef = BC509D2A2246EA8C009E4F31 /* Bech32.swift */; };
		BC509D3B2246F606009E4F31 /* PBKDF2.swift in Sources */ = {isa = PBXBuildFile; fileRef = BC509D3A2246F606009E4F31 /* PBKDF2.swift */; };
		BC509D3D224702E6009E4F31 /* MnemonicTests.swift in Sources */ = {isa = PBXBuildFile; fileRef = BC509D3C224702E6009E4F31 /* MnemonicTests.swift */; };
		BC509D3F224A368A009E4F31 /* RIPEMD160.swift in Sources */ = {isa = PBXBuildFile; fileRef = BC509D3E224A368A009E4F31 /* RIPEMD160.swift */; };
		BC509D41224AC310009E4F31 /* BTCKeychainType.swift in Sources */ = {isa = PBXBuildFile; fileRef = BC509D40224AC310009E4F31 /* BTCKeychainType.swift */; };
		BC509D43224C7EC3009E4F31 /* ReceiveVC.swift in Sources */ = {isa = PBXBuildFile; fileRef = BC509D42224C7EC3009E4F31 /* ReceiveVC.swift */; };
		BC509D47224C82F0009E4F31 /* RootNavigationController.swift in Sources */ = {isa = PBXBuildFile; fileRef = BC509D46224C82F0009E4F31 /* RootNavigationController.swift */; };
		BC509D49224C851F009E4F31 /* ReceiveVC.xib in Resources */ = {isa = PBXBuildFile; fileRef = BC509D48224C851F009E4F31 /* ReceiveVC.xib */; };
		BC509D4B224C8A5D009E4F31 /* RootNavigationController.xib in Resources */ = {isa = PBXBuildFile; fileRef = BC509D4A224C8A5D009E4F31 /* RootNavigationController.xib */; };
		BC509D4D224D9373009E4F31 /* SeedWordsVC.swift in Sources */ = {isa = PBXBuildFile; fileRef = BC509D4C224D9373009E4F31 /* SeedWordsVC.swift */; };
		BC509D4F224D9386009E4F31 /* SeedWordsVC.xib in Resources */ = {isa = PBXBuildFile; fileRef = BC509D4E224D9386009E4F31 /* SeedWordsVC.xib */; };
		BC54B9282240466200FCE894 /* BTCScript.swift in Sources */ = {isa = PBXBuildFile; fileRef = BC54B9272240466200FCE894 /* BTCScript.swift */; };
		BC54B92C224050AC00FCE894 /* BTCkOP_CODES.swift in Sources */ = {isa = PBXBuildFile; fileRef = BC54B92B224050AC00FCE894 /* BTCkOP_CODES.swift */; };
		BC55826E2217D6E50004A40D /* BlockstreamService.swift in Sources */ = {isa = PBXBuildFile; fileRef = BC55826D2217D6E50004A40D /* BlockstreamService.swift */; };
		BC7364F7222AFD43009E2533 /* BTCCurve.swift in Sources */ = {isa = PBXBuildFile; fileRef = BC7364F6222AFD43009E2533 /* BTCCurve.swift */; };
		BC7364F9222B549E009E2533 /* BTCCurveTests.swift in Sources */ = {isa = PBXBuildFile; fileRef = BC7364F8222B549E009E2533 /* BTCCurveTests.swift */; };
		BC7364FD222DA4B2009E2533 /* BTCKeychain.swift in Sources */ = {isa = PBXBuildFile; fileRef = BC7364FC222DA4B2009E2533 /* BTCKeychain.swift */; };
		BC736501222DC1B7009E2533 /* BTCKeychainTests.swift in Sources */ = {isa = PBXBuildFile; fileRef = BC736500222DC1B7009E2533 /* BTCKeychainTests.swift */; };
		BC7365052232CC03009E2533 /* ExtendedPublicKey.swift in Sources */ = {isa = PBXBuildFile; fileRef = BC7365042232CC03009E2533 /* ExtendedPublicKey.swift */; };
		BC7365072232CC18009E2533 /* ExtendedPrivateKey.swift in Sources */ = {isa = PBXBuildFile; fileRef = BC7365062232CC18009E2533 /* ExtendedPrivateKey.swift */; };
		BC7365092232DA77009E2533 /* BTCNetwork.swift in Sources */ = {isa = PBXBuildFile; fileRef = BC7365082232DA77009E2533 /* BTCNetwork.swift */; };
		BC73650B22333A99009E2533 /* BTCKeyTests.swift in Sources */ = {isa = PBXBuildFile; fileRef = BC73650A22333A99009E2533 /* BTCKeyTests.swift */; };
		BC73650D223442BE009E2533 /* BTCTransaction.swift in Sources */ = {isa = PBXBuildFile; fileRef = BC73650C223442BE009E2533 /* BTCTransaction.swift */; };
		BC736511223471DA009E2533 /* TxOutput.swift in Sources */ = {isa = PBXBuildFile; fileRef = BC736510223471DA009E2533 /* TxOutput.swift */; };
		BC73652122367702009E2533 /* BTCTransactionTests.swift in Sources */ = {isa = PBXBuildFile; fileRef = BC73652022367702009E2533 /* BTCTransactionTests.swift */; };
		BC744211225B9C89000E4D45 /* ecmult_impl.swift in Sources */ = {isa = PBXBuildFile; fileRef = BC7441F7225B9C87000E4D45 /* ecmult_impl.swift */; };
		BC744212225B9C89000E4D45 /* ecmult_static_context.swift in Sources */ = {isa = PBXBuildFile; fileRef = BC7441F8225B9C87000E4D45 /* ecmult_static_context.swift */; };
		BC744213225B9C89000E4D45 /* recovery.swift in Sources */ = {isa = PBXBuildFile; fileRef = BC7441F9225B9C87000E4D45 /* recovery.swift */; };
		BC744214225B9C89000E4D45 /* lax_der_parsing.swift in Sources */ = {isa = PBXBuildFile; fileRef = BC7441FA225B9C87000E4D45 /* lax_der_parsing.swift */; };
		BC744215225B9C89000E4D45 /* ecmult_gen_impl.swift in Sources */ = {isa = PBXBuildFile; fileRef = BC7441FB225B9C87000E4D45 /* ecmult_gen_impl.swift */; };
		BC744216225B9C89000E4D45 /* hash.swift in Sources */ = {isa = PBXBuildFile; fileRef = BC7441FC225B9C88000E4D45 /* hash.swift */; };
		BC744217225B9C89000E4D45 /* lax_der_privatekey_parsing.swift in Sources */ = {isa = PBXBuildFile; fileRef = BC7441FD225B9C88000E4D45 /* lax_der_privatekey_parsing.swift */; };
		BC744218225B9C89000E4D45 /* scalar_impl.swift in Sources */ = {isa = PBXBuildFile; fileRef = BC7441FE225B9C88000E4D45 /* scalar_impl.swift */; };
		BC744219225B9C89000E4D45 /* PBInt.swift in Sources */ = {isa = PBXBuildFile; fileRef = BC7441FF225B9C88000E4D45 /* PBInt.swift */; };
		BC74421A225B9C89000E4D45 /* ecdsa_impl.swift in Sources */ = {isa = PBXBuildFile; fileRef = BC744200225B9C88000E4D45 /* ecdsa_impl.swift */; };
		BC74421B225B9C89000E4D45 /* eckey_impl.swift in Sources */ = {isa = PBXBuildFile; fileRef = BC744201225B9C88000E4D45 /* eckey_impl.swift */; };
		BC74421C225B9C89000E4D45 /* field_10x26_impl.swift in Sources */ = {isa = PBXBuildFile; fileRef = BC744202225B9C88000E4D45 /* field_10x26_impl.swift */; };
		BC74421D225B9C89000E4D45 /* ecmult_const_impl.swift in Sources */ = {isa = PBXBuildFile; fileRef = BC744203225B9C88000E4D45 /* ecmult_const_impl.swift */; };
		BC74421E225B9C89000E4D45 /* scalar_8x32_impl.swift in Sources */ = {isa = PBXBuildFile; fileRef = BC744204225B9C88000E4D45 /* scalar_8x32_impl.swift */; };
		BC74421F225B9C89000E4D45 /* group.swift in Sources */ = {isa = PBXBuildFile; fileRef = BC744205225B9C88000E4D45 /* group.swift */; };
		BC744220225B9C89000E4D45 /* group_impl.swift in Sources */ = {isa = PBXBuildFile; fileRef = BC744206225B9C88000E4D45 /* group_impl.swift */; };
		BC744221225B9C89000E4D45 /* util.swift in Sources */ = {isa = PBXBuildFile; fileRef = BC744207225B9C88000E4D45 /* util.swift */; };
		BC744222225B9C89000E4D45 /* hash_impl.swift in Sources */ = {isa = PBXBuildFile; fileRef = BC744208225B9C88000E4D45 /* hash_impl.swift */; };
		BC744223225B9C89000E4D45 /* secp256k1.swift in Sources */ = {isa = PBXBuildFile; fileRef = BC744209225B9C88000E4D45 /* secp256k1.swift */; };
		BC744224225B9C89000E4D45 /* field_10x26.swift in Sources */ = {isa = PBXBuildFile; fileRef = BC74420A225B9C88000E4D45 /* field_10x26.swift */; };
		BC744225225B9C89000E4D45 /* ecmult.swift in Sources */ = {isa = PBXBuildFile; fileRef = BC74420B225B9C88000E4D45 /* ecmult.swift */; };
		BC744226225B9C89000E4D45 /* field_impl.swift in Sources */ = {isa = PBXBuildFile; fileRef = BC74420C225B9C89000E4D45 /* field_impl.swift */; };
		BC744227225B9C89000E4D45 /* PBHex.swift in Sources */ = {isa = PBXBuildFile; fileRef = BC74420D225B9C89000E4D45 /* PBHex.swift */; };
		BC744228225B9C89000E4D45 /* ecmult_gen.swift in Sources */ = {isa = PBXBuildFile; fileRef = BC74420E225B9C89000E4D45 /* ecmult_gen.swift */; };
		BC744229225B9C89000E4D45 /* scalar_8x32.swift in Sources */ = {isa = PBXBuildFile; fileRef = BC74420F225B9C89000E4D45 /* scalar_8x32.swift */; };
		BC74422A225B9C89000E4D45 /* gen_context.swift in Sources */ = {isa = PBXBuildFile; fileRef = BC744210225B9C89000E4D45 /* gen_context.swift */; };
		BC74422E225BBB66000E4D45 /* TabBarVC.swift in Sources */ = {isa = PBXBuildFile; fileRef = BC74422D225BBB66000E4D45 /* TabBarVC.swift */; };
		BC744232225BFAA6000E4D45 /* SendVC.swift in Sources */ = {isa = PBXBuildFile; fileRef = BC744231225BFAA6000E4D45 /* SendVC.swift */; };
		BC744236225C19C9000E4D45 /* QRScanningView.swift in Sources */ = {isa = PBXBuildFile; fileRef = BC744235225C19C9000E4D45 /* QRScanningView.swift */; };
		BC744238225C354A000E4D45 /* SendVC.xib in Resources */ = {isa = PBXBuildFile; fileRef = BC744237225C354A000E4D45 /* SendVC.xib */; };
		BC74423A225CF7C8000E4D45 /* QRImageView.swift in Sources */ = {isa = PBXBuildFile; fileRef = BC744239225CF7C8000E4D45 /* QRImageView.swift */; };
		BC74423C225E34A9000E4D45 /* SettingsVC.swift in Sources */ = {isa = PBXBuildFile; fileRef = BC74423B225E34A9000E4D45 /* SettingsVC.swift */; };
		BC74423E225E34E6000E4D45 /* SettingsVC.xib in Resources */ = {isa = PBXBuildFile; fileRef = BC74423D225E34E6000E4D45 /* SettingsVC.xib */; };
		BC744240225E34FF000E4D45 /* TransactionsVC.swift in Sources */ = {isa = PBXBuildFile; fileRef = BC74423F225E34FF000E4D45 /* TransactionsVC.swift */; };
		BC744242225E3512000E4D45 /* TransactionsVC.xib in Resources */ = {isa = PBXBuildFile; fileRef = BC744241225E3512000E4D45 /* TransactionsVC.xib */; };
		BC744244225FE0B7000E4D45 /* Extensions.swift in Sources */ = {isa = PBXBuildFile; fileRef = BC744243225FE0B7000E4D45 /* Extensions.swift */; };
/* End PBXBuildFile section */

/* Begin PBXContainerItemProxy section */
		BC2D65EE2204FF6C001C6DA3 /* PBXContainerItemProxy */ = {
			isa = PBXContainerItemProxy;
			containerPortal = BC2D65CE2204FF6A001C6DA3 /* Project object */;
			proxyType = 1;
			remoteGlobalIDString = BC2D65D52204FF6A001C6DA3;
			remoteInfo = HDWallet;
		};
		BC2D65F92204FF6C001C6DA3 /* PBXContainerItemProxy */ = {
			isa = PBXContainerItemProxy;
			containerPortal = BC2D65CE2204FF6A001C6DA3 /* Project object */;
			proxyType = 1;
			remoteGlobalIDString = BC2D65D52204FF6A001C6DA3;
			remoteInfo = HDWallet;
		};
/* End PBXContainerItemProxy section */

/* Begin PBXFileReference section */
		BC074E752257FABF00311107 /* iOSKeychainTests.swift */ = {isa = PBXFileReference; lastKnownFileType = sourcecode.swift; path = iOSKeychainTests.swift; sourceTree = "<group>"; };
		BC074E7722580AFD00311107 /* KeychainPasswordItem.swift */ = {isa = PBXFileReference; lastKnownFileType = sourcecode.swift; path = KeychainPasswordItem.swift; sourceTree = "<group>"; };
		BC08F8E5226A378E008D09FB /* Ubuntu-BoldItalic.ttf */ = {isa = PBXFileReference; lastKnownFileType = file; path = "Ubuntu-BoldItalic.ttf"; sourceTree = "<group>"; };
		BC08F8E7226A582E008D09FB /* RootContainerVC.swift */ = {isa = PBXFileReference; lastKnownFileType = sourcecode.swift; path = RootContainerVC.swift; sourceTree = "<group>"; };
		BC08F8E9226A5C95008D09FB /* LeftSidePanelVC.swift */ = {isa = PBXFileReference; lastKnownFileType = sourcecode.swift; path = LeftSidePanelVC.swift; sourceTree = "<group>"; };
		BC08F8F1226A6FF7008D09FB /* LeftSidePanelVC.xib */ = {isa = PBXFileReference; lastKnownFileType = file.xib; path = LeftSidePanelVC.xib; sourceTree = "<group>"; };
		BC2D65D62204FF6B001C6DA3 /* HDWallet.app */ = {isa = PBXFileReference; explicitFileType = wrapper.application; includeInIndex = 0; path = HDWallet.app; sourceTree = BUILT_PRODUCTS_DIR; };
		BC2D65D92204FF6B001C6DA3 /* AppDelegate.swift */ = {isa = PBXFileReference; lastKnownFileType = sourcecode.swift; path = AppDelegate.swift; sourceTree = "<group>"; };
		BC2D65E12204FF6B001C6DA3 /* HDWallet.xcdatamodel */ = {isa = PBXFileReference; lastKnownFileType = wrapper.xcdatamodel; path = HDWallet.xcdatamodel; sourceTree = "<group>"; };
		BC2D65E32204FF6B001C6DA3 /* Assets.xcassets */ = {isa = PBXFileReference; lastKnownFileType = folder.assetcatalog; path = Assets.xcassets; sourceTree = "<group>"; };
		BC2D65E62204FF6B001C6DA3 /* Base */ = {isa = PBXFileReference; lastKnownFileType = file.storyboard; name = Base; path = Base.lproj/LaunchScreen.storyboard; sourceTree = "<group>"; };
		BC2D65E82204FF6B001C6DA3 /* Info.plist */ = {isa = PBXFileReference; lastKnownFileType = text.plist.xml; path = Info.plist; sourceTree = "<group>"; };
		BC2D65ED2204FF6C001C6DA3 /* HDWalletTests.xctest */ = {isa = PBXFileReference; explicitFileType = wrapper.cfbundle; includeInIndex = 0; path = HDWalletTests.xctest; sourceTree = BUILT_PRODUCTS_DIR; };
		BC2D65F32204FF6C001C6DA3 /* Info.plist */ = {isa = PBXFileReference; lastKnownFileType = text.plist.xml; path = Info.plist; sourceTree = "<group>"; };
		BC2D65F82204FF6C001C6DA3 /* HDWalletUITests.xctest */ = {isa = PBXFileReference; explicitFileType = wrapper.cfbundle; includeInIndex = 0; path = HDWalletUITests.xctest; sourceTree = BUILT_PRODUCTS_DIR; };
		BC2D65FC2204FF6C001C6DA3 /* HDWalletUITests.swift */ = {isa = PBXFileReference; lastKnownFileType = sourcecode.swift; path = HDWalletUITests.swift; sourceTree = "<group>"; };
		BC2D65FE2204FF6C001C6DA3 /* Info.plist */ = {isa = PBXFileReference; lastKnownFileType = text.plist.xml; path = Info.plist; sourceTree = "<group>"; };
		BC2D6623220500D5001C6DA3 /* SMP.swift */ = {isa = PBXFileReference; fileEncoding = 4; lastKnownFileType = sourcecode.swift; path = SMP.swift; sourceTree = "<group>"; };
		BC2D6626220500D5001C6DA3 /* Data+Bitcoin.swift */ = {isa = PBXFileReference; fileEncoding = 4; lastKnownFileType = sourcecode.swift; path = "Data+Bitcoin.swift"; sourceTree = "<group>"; };
		BC2D6629220500D5001C6DA3 /* SMP+Bitcoin.swift */ = {isa = PBXFileReference; fileEncoding = 4; lastKnownFileType = sourcecode.swift; path = "SMP+Bitcoin.swift"; sourceTree = "<group>"; };
		BC2D662B220500D5001C6DA3 /* SHA256.swift */ = {isa = PBXFileReference; fileEncoding = 4; lastKnownFileType = sourcecode.swift; path = SHA256.swift; sourceTree = "<group>"; };
		BC2D662C220500D5001C6DA3 /* String+Bitcoin.swift */ = {isa = PBXFileReference; fileEncoding = 4; lastKnownFileType = sourcecode.swift; path = "String+Bitcoin.swift"; sourceTree = "<group>"; };
		BC509CF922433A11009E4F31 /* BIP47.swift */ = {isa = PBXFileReference; lastKnownFileType = sourcecode.swift; path = BIP47.swift; sourceTree = "<group>"; };
		BC509CFB22433B9A009E4F31 /* BIP47Tests.swift */ = {isa = PBXFileReference; lastKnownFileType = sourcecode.swift; path = BIP47Tests.swift; sourceTree = "<group>"; };
		BC509D222246E9D0009E4F31 /* WordList.swift */ = {isa = PBXFileReference; lastKnownFileType = sourcecode.swift; path = WordList.swift; sourceTree = "<group>"; };
		BC509D242246E9F7009E4F31 /* SegwitAddrCoder.swift */ = {isa = PBXFileReference; lastKnownFileType = sourcecode.swift; path = SegwitAddrCoder.swift; sourceTree = "<group>"; };
		BC509D262246EA22009E4F31 /* Mnemonic.swift */ = {isa = PBXFileReference; lastKnownFileType = sourcecode.swift; path = Mnemonic.swift; sourceTree = "<group>"; };
		BC509D2A2246EA8C009E4F31 /* Bech32.swift */ = {isa = PBXFileReference; lastKnownFileType = sourcecode.swift; path = Bech32.swift; sourceTree = "<group>"; };
		BC509D3A2246F606009E4F31 /* PBKDF2.swift */ = {isa = PBXFileReference; lastKnownFileType = sourcecode.swift; path = PBKDF2.swift; sourceTree = "<group>"; };
		BC509D3C224702E6009E4F31 /* MnemonicTests.swift */ = {isa = PBXFileReference; lastKnownFileType = sourcecode.swift; path = MnemonicTests.swift; sourceTree = "<group>"; };
		BC509D3E224A368A009E4F31 /* RIPEMD160.swift */ = {isa = PBXFileReference; fileEncoding = 4; lastKnownFileType = sourcecode.swift; path = RIPEMD160.swift; sourceTree = "<group>"; };
		BC509D40224AC310009E4F31 /* BTCKeychainType.swift */ = {isa = PBXFileReference; lastKnownFileType = sourcecode.swift; path = BTCKeychainType.swift; sourceTree = "<group>"; };
		BC509D42224C7EC3009E4F31 /* ReceiveVC.swift */ = {isa = PBXFileReference; lastKnownFileType = sourcecode.swift; path = ReceiveVC.swift; sourceTree = "<group>"; };
		BC509D46224C82F0009E4F31 /* RootNavigationController.swift */ = {isa = PBXFileReference; lastKnownFileType = sourcecode.swift; path = RootNavigationController.swift; sourceTree = "<group>"; };
		BC509D48224C851F009E4F31 /* ReceiveVC.xib */ = {isa = PBXFileReference; lastKnownFileType = file.xib; path = ReceiveVC.xib; sourceTree = "<group>"; };
		BC509D4A224C8A5D009E4F31 /* RootNavigationController.xib */ = {isa = PBXFileReference; lastKnownFileType = file.xib; path = RootNavigationController.xib; sourceTree = "<group>"; };
		BC509D4C224D9373009E4F31 /* SeedWordsVC.swift */ = {isa = PBXFileReference; lastKnownFileType = sourcecode.swift; path = SeedWordsVC.swift; sourceTree = "<group>"; };
		BC509D4E224D9386009E4F31 /* SeedWordsVC.xib */ = {isa = PBXFileReference; lastKnownFileType = file.xib; path = SeedWordsVC.xib; sourceTree = "<group>"; };
		BC54B9272240466200FCE894 /* BTCScript.swift */ = {isa = PBXFileReference; lastKnownFileType = sourcecode.swift; path = BTCScript.swift; sourceTree = "<group>"; };
		BC54B92B224050AC00FCE894 /* BTCkOP_CODES.swift */ = {isa = PBXFileReference; lastKnownFileType = sourcecode.swift; path = BTCkOP_CODES.swift; sourceTree = "<group>"; };
		BC55826D2217D6E50004A40D /* BlockstreamService.swift */ = {isa = PBXFileReference; lastKnownFileType = sourcecode.swift; path = BlockstreamService.swift; sourceTree = "<group>"; };
		BC7364F6222AFD43009E2533 /* BTCCurve.swift */ = {isa = PBXFileReference; lastKnownFileType = sourcecode.swift; path = BTCCurve.swift; sourceTree = "<group>"; };
		BC7364F8222B549E009E2533 /* BTCCurveTests.swift */ = {isa = PBXFileReference; lastKnownFileType = sourcecode.swift; path = BTCCurveTests.swift; sourceTree = "<group>"; };
		BC7364FC222DA4B2009E2533 /* BTCKeychain.swift */ = {isa = PBXFileReference; lastKnownFileType = sourcecode.swift; path = BTCKeychain.swift; sourceTree = "<group>"; };
		BC736500222DC1B7009E2533 /* BTCKeychainTests.swift */ = {isa = PBXFileReference; lastKnownFileType = sourcecode.swift; path = BTCKeychainTests.swift; sourceTree = "<group>"; };
		BC7365042232CC03009E2533 /* ExtendedPublicKey.swift */ = {isa = PBXFileReference; lastKnownFileType = sourcecode.swift; path = ExtendedPublicKey.swift; sourceTree = "<group>"; };
		BC7365062232CC18009E2533 /* ExtendedPrivateKey.swift */ = {isa = PBXFileReference; lastKnownFileType = sourcecode.swift; path = ExtendedPrivateKey.swift; sourceTree = "<group>"; };
		BC7365082232DA77009E2533 /* BTCNetwork.swift */ = {isa = PBXFileReference; lastKnownFileType = sourcecode.swift; path = BTCNetwork.swift; sourceTree = "<group>"; };
		BC73650A22333A99009E2533 /* BTCKeyTests.swift */ = {isa = PBXFileReference; lastKnownFileType = sourcecode.swift; path = BTCKeyTests.swift; sourceTree = "<group>"; };
		BC73650C223442BE009E2533 /* BTCTransaction.swift */ = {isa = PBXFileReference; lastKnownFileType = sourcecode.swift; path = BTCTransaction.swift; sourceTree = "<group>"; };
		BC736510223471DA009E2533 /* TxOutput.swift */ = {isa = PBXFileReference; lastKnownFileType = sourcecode.swift; path = TxOutput.swift; sourceTree = "<group>"; };
		BC73652022367702009E2533 /* BTCTransactionTests.swift */ = {isa = PBXFileReference; lastKnownFileType = sourcecode.swift; path = BTCTransactionTests.swift; sourceTree = "<group>"; };
		BC7441F7225B9C87000E4D45 /* ecmult_impl.swift */ = {isa = PBXFileReference; fileEncoding = 4; lastKnownFileType = sourcecode.swift; path = ecmult_impl.swift; sourceTree = "<group>"; };
		BC7441F8225B9C87000E4D45 /* ecmult_static_context.swift */ = {isa = PBXFileReference; fileEncoding = 4; lastKnownFileType = sourcecode.swift; path = ecmult_static_context.swift; sourceTree = "<group>"; };
		BC7441F9225B9C87000E4D45 /* recovery.swift */ = {isa = PBXFileReference; fileEncoding = 4; lastKnownFileType = sourcecode.swift; path = recovery.swift; sourceTree = "<group>"; };
		BC7441FA225B9C87000E4D45 /* lax_der_parsing.swift */ = {isa = PBXFileReference; fileEncoding = 4; lastKnownFileType = sourcecode.swift; path = lax_der_parsing.swift; sourceTree = "<group>"; };
		BC7441FB225B9C87000E4D45 /* ecmult_gen_impl.swift */ = {isa = PBXFileReference; fileEncoding = 4; lastKnownFileType = sourcecode.swift; path = ecmult_gen_impl.swift; sourceTree = "<group>"; };
		BC7441FC225B9C88000E4D45 /* hash.swift */ = {isa = PBXFileReference; fileEncoding = 4; lastKnownFileType = sourcecode.swift; path = hash.swift; sourceTree = "<group>"; };
		BC7441FD225B9C88000E4D45 /* lax_der_privatekey_parsing.swift */ = {isa = PBXFileReference; fileEncoding = 4; lastKnownFileType = sourcecode.swift; path = lax_der_privatekey_parsing.swift; sourceTree = "<group>"; };
		BC7441FE225B9C88000E4D45 /* scalar_impl.swift */ = {isa = PBXFileReference; fileEncoding = 4; lastKnownFileType = sourcecode.swift; path = scalar_impl.swift; sourceTree = "<group>"; };
		BC7441FF225B9C88000E4D45 /* PBInt.swift */ = {isa = PBXFileReference; fileEncoding = 4; lastKnownFileType = sourcecode.swift; path = PBInt.swift; sourceTree = "<group>"; };
		BC744200225B9C88000E4D45 /* ecdsa_impl.swift */ = {isa = PBXFileReference; fileEncoding = 4; lastKnownFileType = sourcecode.swift; path = ecdsa_impl.swift; sourceTree = "<group>"; };
		BC744201225B9C88000E4D45 /* eckey_impl.swift */ = {isa = PBXFileReference; fileEncoding = 4; lastKnownFileType = sourcecode.swift; path = eckey_impl.swift; sourceTree = "<group>"; };
		BC744202225B9C88000E4D45 /* field_10x26_impl.swift */ = {isa = PBXFileReference; fileEncoding = 4; lastKnownFileType = sourcecode.swift; path = field_10x26_impl.swift; sourceTree = "<group>"; };
		BC744203225B9C88000E4D45 /* ecmult_const_impl.swift */ = {isa = PBXFileReference; fileEncoding = 4; lastKnownFileType = sourcecode.swift; path = ecmult_const_impl.swift; sourceTree = "<group>"; };
		BC744204225B9C88000E4D45 /* scalar_8x32_impl.swift */ = {isa = PBXFileReference; fileEncoding = 4; lastKnownFileType = sourcecode.swift; path = scalar_8x32_impl.swift; sourceTree = "<group>"; };
		BC744205225B9C88000E4D45 /* group.swift */ = {isa = PBXFileReference; fileEncoding = 4; lastKnownFileType = sourcecode.swift; path = group.swift; sourceTree = "<group>"; };
		BC744206225B9C88000E4D45 /* group_impl.swift */ = {isa = PBXFileReference; fileEncoding = 4; lastKnownFileType = sourcecode.swift; path = group_impl.swift; sourceTree = "<group>"; };
		BC744207225B9C88000E4D45 /* util.swift */ = {isa = PBXFileReference; fileEncoding = 4; lastKnownFileType = sourcecode.swift; path = util.swift; sourceTree = "<group>"; };
		BC744208225B9C88000E4D45 /* hash_impl.swift */ = {isa = PBXFileReference; fileEncoding = 4; lastKnownFileType = sourcecode.swift; path = hash_impl.swift; sourceTree = "<group>"; };
		BC744209225B9C88000E4D45 /* secp256k1.swift */ = {isa = PBXFileReference; fileEncoding = 4; lastKnownFileType = sourcecode.swift; path = secp256k1.swift; sourceTree = "<group>"; };
		BC74420A225B9C88000E4D45 /* field_10x26.swift */ = {isa = PBXFileReference; fileEncoding = 4; lastKnownFileType = sourcecode.swift; path = field_10x26.swift; sourceTree = "<group>"; };
		BC74420B225B9C88000E4D45 /* ecmult.swift */ = {isa = PBXFileReference; fileEncoding = 4; lastKnownFileType = sourcecode.swift; path = ecmult.swift; sourceTree = "<group>"; };
		BC74420C225B9C89000E4D45 /* field_impl.swift */ = {isa = PBXFileReference; fileEncoding = 4; lastKnownFileType = sourcecode.swift; path = field_impl.swift; sourceTree = "<group>"; };
		BC74420D225B9C89000E4D45 /* PBHex.swift */ = {isa = PBXFileReference; fileEncoding = 4; lastKnownFileType = sourcecode.swift; path = PBHex.swift; sourceTree = "<group>"; };
		BC74420E225B9C89000E4D45 /* ecmult_gen.swift */ = {isa = PBXFileReference; fileEncoding = 4; lastKnownFileType = sourcecode.swift; path = ecmult_gen.swift; sourceTree = "<group>"; };
		BC74420F225B9C89000E4D45 /* scalar_8x32.swift */ = {isa = PBXFileReference; fileEncoding = 4; lastKnownFileType = sourcecode.swift; path = scalar_8x32.swift; sourceTree = "<group>"; };
		BC744210225B9C89000E4D45 /* gen_context.swift */ = {isa = PBXFileReference; fileEncoding = 4; lastKnownFileType = sourcecode.swift; path = gen_context.swift; sourceTree = "<group>"; };
		BC74422D225BBB66000E4D45 /* TabBarVC.swift */ = {isa = PBXFileReference; lastKnownFileType = sourcecode.swift; path = TabBarVC.swift; sourceTree = "<group>"; };
		BC744231225BFAA6000E4D45 /* SendVC.swift */ = {isa = PBXFileReference; lastKnownFileType = sourcecode.swift; path = SendVC.swift; sourceTree = "<group>"; };
		BC744235225C19C9000E4D45 /* QRScanningView.swift */ = {isa = PBXFileReference; lastKnownFileType = sourcecode.swift; path = QRScanningView.swift; sourceTree = "<group>"; };
		BC744237225C354A000E4D45 /* SendVC.xib */ = {isa = PBXFileReference; lastKnownFileType = file.xib; path = SendVC.xib; sourceTree = "<group>"; };
		BC744239225CF7C8000E4D45 /* QRImageView.swift */ = {isa = PBXFileReference; lastKnownFileType = sourcecode.swift; path = QRImageView.swift; sourceTree = "<group>"; };
		BC74423B225E34A9000E4D45 /* SettingsVC.swift */ = {isa = PBXFileReference; lastKnownFileType = sourcecode.swift; path = SettingsVC.swift; sourceTree = "<group>"; };
		BC74423D225E34E6000E4D45 /* SettingsVC.xib */ = {isa = PBXFileReference; lastKnownFileType = file.xib; path = SettingsVC.xib; sourceTree = "<group>"; };
		BC74423F225E34FF000E4D45 /* TransactionsVC.swift */ = {isa = PBXFileReference; lastKnownFileType = sourcecode.swift; path = TransactionsVC.swift; sourceTree = "<group>"; };
		BC744241225E3512000E4D45 /* TransactionsVC.xib */ = {isa = PBXFileReference; lastKnownFileType = file.xib; path = TransactionsVC.xib; sourceTree = "<group>"; };
		BC744243225FE0B7000E4D45 /* Extensions.swift */ = {isa = PBXFileReference; lastKnownFileType = sourcecode.swift; path = Extensions.swift; sourceTree = "<group>"; };
/* End PBXFileReference section */

/* Begin PBXFrameworksBuildPhase section */
		BC2D65D32204FF6A001C6DA3 /* Frameworks */ = {
			isa = PBXFrameworksBuildPhase;
			buildActionMask = 2147483647;
			files = (
			);
			runOnlyForDeploymentPostprocessing = 0;
		};
		BC2D65EA2204FF6C001C6DA3 /* Frameworks */ = {
			isa = PBXFrameworksBuildPhase;
			buildActionMask = 2147483647;
			files = (
			);
			runOnlyForDeploymentPostprocessing = 0;
		};
		BC2D65F52204FF6C001C6DA3 /* Frameworks */ = {
			isa = PBXFrameworksBuildPhase;
			buildActionMask = 2147483647;
			files = (
			);
			runOnlyForDeploymentPostprocessing = 0;
		};
/* End PBXFrameworksBuildPhase section */

/* Begin PBXGroup section */
		BC2D65CD2204FF6A001C6DA3 = {
			isa = PBXGroup;
			children = (
				BC2D65D82204FF6B001C6DA3 /* HDWallet */,
				BC2D65F02204FF6C001C6DA3 /* HDWalletTests */,
				BC2D65FB2204FF6C001C6DA3 /* HDWalletUITests */,
				BC2D65D72204FF6B001C6DA3 /* Products */,
			);
			sourceTree = "<group>";
		};
		BC2D65D72204FF6B001C6DA3 /* Products */ = {
			isa = PBXGroup;
			children = (
				BC2D65D62204FF6B001C6DA3 /* HDWallet.app */,
				BC2D65ED2204FF6C001C6DA3 /* HDWalletTests.xctest */,
				BC2D65F82204FF6C001C6DA3 /* HDWalletUITests.xctest */,
			);
			name = Products;
			sourceTree = "<group>";
		};
		BC2D65D82204FF6B001C6DA3 /* HDWallet */ = {
			isa = PBXGroup;
			children = (
				BC7441F6225B9C45000E4D45 /* secp256k1 */,
				BC7365222236D7DC009E2533 /* Networking */,
				BC7365032232CB3C009E2533 /* ViewContollers */,
				BC7365022232CA73009E2533 /* Bitcoin */,
				BC2D65D92204FF6B001C6DA3 /* AppDelegate.swift */,
				BC2D65E32204FF6B001C6DA3 /* Assets.xcassets */,
				BC2D65E52204FF6B001C6DA3 /* LaunchScreen.storyboard */,
				BC2D65E82204FF6B001C6DA3 /* Info.plist */,
				BC2D65E02204FF6B001C6DA3 /* HDWallet.xcdatamodeld */,
				BC074E7722580AFD00311107 /* KeychainPasswordItem.swift */,
				BC744243225FE0B7000E4D45 /* Extensions.swift */,
				BC08F8E5226A378E008D09FB /* Ubuntu-BoldItalic.ttf */,
			);
			path = HDWallet;
			sourceTree = "<group>";
		};
		BC2D65F02204FF6C001C6DA3 /* HDWalletTests */ = {
			isa = PBXGroup;
			children = (
				BC2D65F32204FF6C001C6DA3 /* Info.plist */,
				BC7364F8222B549E009E2533 /* BTCCurveTests.swift */,
				BC736500222DC1B7009E2533 /* BTCKeychainTests.swift */,
				BC73650A22333A99009E2533 /* BTCKeyTests.swift */,
				BC73652022367702009E2533 /* BTCTransactionTests.swift */,
				BC509CFB22433B9A009E4F31 /* BIP47Tests.swift */,
				BC509D3C224702E6009E4F31 /* MnemonicTests.swift */,
				BC074E752257FABF00311107 /* iOSKeychainTests.swift */,
			);
			path = HDWalletTests;
			sourceTree = "<group>";
		};
		BC2D65FB2204FF6C001C6DA3 /* HDWalletUITests */ = {
			isa = PBXGroup;
			children = (
				BC2D65FC2204FF6C001C6DA3 /* HDWalletUITests.swift */,
				BC2D65FE2204FF6C001C6DA3 /* Info.plist */,
			);
			path = HDWalletUITests;
			sourceTree = "<group>";
		};
		BC7365022232CA73009E2533 /* Bitcoin */ = {
			isa = PBXGroup;
			children = (
				BC509D3E224A368A009E4F31 /* RIPEMD160.swift */,
				BC2D6626220500D5001C6DA3 /* Data+Bitcoin.swift */,
				BC2D662B220500D5001C6DA3 /* SHA256.swift */,
				BC2D6623220500D5001C6DA3 /* SMP.swift */,
				BC2D6629220500D5001C6DA3 /* SMP+Bitcoin.swift */,
				BC2D662C220500D5001C6DA3 /* String+Bitcoin.swift */,
				BC7364F6222AFD43009E2533 /* BTCCurve.swift */,
				BC7364FC222DA4B2009E2533 /* BTCKeychain.swift */,
				BC509D40224AC310009E4F31 /* BTCKeychainType.swift */,
				BC54B92B224050AC00FCE894 /* BTCkOP_CODES.swift */,
				BC7365082232DA77009E2533 /* BTCNetwork.swift */,
				BC73650C223442BE009E2533 /* BTCTransaction.swift */,
				BC54B9272240466200FCE894 /* BTCScript.swift */,
				BC7365042232CC03009E2533 /* ExtendedPublicKey.swift */,
				BC7365062232CC18009E2533 /* ExtendedPrivateKey.swift */,
				BC736510223471DA009E2533 /* TxOutput.swift */,
				BC509CF922433A11009E4F31 /* BIP47.swift */,
				BC509D222246E9D0009E4F31 /* WordList.swift */,
				BC509D262246EA22009E4F31 /* Mnemonic.swift */,
				BC509D242246E9F7009E4F31 /* SegwitAddrCoder.swift */,
				BC509D2A2246EA8C009E4F31 /* Bech32.swift */,
				BC509D3A2246F606009E4F31 /* PBKDF2.swift */,
			);
			path = Bitcoin;
			sourceTree = "<group>";
		};
		BC7365032232CB3C009E2533 /* ViewContollers */ = {
			isa = PBXGroup;
			children = (
				BC509D46224C82F0009E4F31 /* RootNavigationController.swift */,
				BC509D4A224C8A5D009E4F31 /* RootNavigationController.xib */,
				BC74422D225BBB66000E4D45 /* TabBarVC.swift */,
				BC509D4C224D9373009E4F31 /* SeedWordsVC.swift */,
				BC509D4E224D9386009E4F31 /* SeedWordsVC.xib */,
				BC509D42224C7EC3009E4F31 /* ReceiveVC.swift */,
				BC509D48224C851F009E4F31 /* ReceiveVC.xib */,
				BC744231225BFAA6000E4D45 /* SendVC.swift */,
				BC744237225C354A000E4D45 /* SendVC.xib */,
				BC74423B225E34A9000E4D45 /* SettingsVC.swift */,
				BC74423D225E34E6000E4D45 /* SettingsVC.xib */,
				BC74423F225E34FF000E4D45 /* TransactionsVC.swift */,
				BC744241225E3512000E4D45 /* TransactionsVC.xib */,
				BC744235225C19C9000E4D45 /* QRScanningView.swift */,
				BC744239225CF7C8000E4D45 /* QRImageView.swift */,
				BC08F8E7226A582E008D09FB /* RootContainerVC.swift */,
				BC08F8E9226A5C95008D09FB /* LeftSidePanelVC.swift */,
				BC08F8F1226A6FF7008D09FB /* LeftSidePanelVC.xib */,
			);
			path = ViewContollers;
			sourceTree = "<group>";
		};
		BC7365222236D7DC009E2533 /* Networking */ = {
			isa = PBXGroup;
			children = (
				BC55826D2217D6E50004A40D /* BlockstreamService.swift */,
			);
			path = Networking;
			sourceTree = "<group>";
		};
		BC7441F6225B9C45000E4D45 /* secp256k1 */ = {
			isa = PBXGroup;
			children = (
				BC744200225B9C88000E4D45 /* ecdsa_impl.swift */,
				BC744201225B9C88000E4D45 /* eckey_impl.swift */,
				BC744203225B9C88000E4D45 /* ecmult_const_impl.swift */,
				BC7441FB225B9C87000E4D45 /* ecmult_gen_impl.swift */,
				BC74420E225B9C89000E4D45 /* ecmult_gen.swift */,
				BC7441F7225B9C87000E4D45 /* ecmult_impl.swift */,
				BC7441F8225B9C87000E4D45 /* ecmult_static_context.swift */,
				BC74420B225B9C88000E4D45 /* ecmult.swift */,
				BC744202225B9C88000E4D45 /* field_10x26_impl.swift */,
				BC74420A225B9C88000E4D45 /* field_10x26.swift */,
				BC74420C225B9C89000E4D45 /* field_impl.swift */,
				BC744210225B9C89000E4D45 /* gen_context.swift */,
				BC744206225B9C88000E4D45 /* group_impl.swift */,
				BC744205225B9C88000E4D45 /* group.swift */,
				BC744208225B9C88000E4D45 /* hash_impl.swift */,
				BC7441FC225B9C88000E4D45 /* hash.swift */,
				BC7441FA225B9C87000E4D45 /* lax_der_parsing.swift */,
				BC7441FD225B9C88000E4D45 /* lax_der_privatekey_parsing.swift */,
				BC74420D225B9C89000E4D45 /* PBHex.swift */,
				BC7441FF225B9C88000E4D45 /* PBInt.swift */,
				BC7441F9225B9C87000E4D45 /* recovery.swift */,
				BC744204225B9C88000E4D45 /* scalar_8x32_impl.swift */,
				BC74420F225B9C89000E4D45 /* scalar_8x32.swift */,
				BC7441FE225B9C88000E4D45 /* scalar_impl.swift */,
				BC744209225B9C88000E4D45 /* secp256k1.swift */,
				BC744207225B9C88000E4D45 /* util.swift */,
			);
			path = secp256k1;
			sourceTree = "<group>";
		};
/* End PBXGroup section */

/* Begin PBXNativeTarget section */
		BC2D65D52204FF6A001C6DA3 /* HDWallet */ = {
			isa = PBXNativeTarget;
			buildConfigurationList = BC2D66012204FF6C001C6DA3 /* Build configuration list for PBXNativeTarget "HDWallet" */;
			buildPhases = (
				BC2D65D22204FF6A001C6DA3 /* Sources */,
				BC2D65D32204FF6A001C6DA3 /* Frameworks */,
				BC2D65D42204FF6A001C6DA3 /* Resources */,
			);
			buildRules = (
			);
			dependencies = (
			);
			name = HDWallet;
			productName = HDWallet;
			productReference = BC2D65D62204FF6B001C6DA3 /* HDWallet.app */;
			productType = "com.apple.product-type.application";
		};
		BC2D65EC2204FF6C001C6DA3 /* HDWalletTests */ = {
			isa = PBXNativeTarget;
			buildConfigurationList = BC2D66042204FF6C001C6DA3 /* Build configuration list for PBXNativeTarget "HDWalletTests" */;
			buildPhases = (
				BC2D65E92204FF6C001C6DA3 /* Sources */,
				BC2D65EA2204FF6C001C6DA3 /* Frameworks */,
				BC2D65EB2204FF6C001C6DA3 /* Resources */,
			);
			buildRules = (
			);
			dependencies = (
				BC2D65EF2204FF6C001C6DA3 /* PBXTargetDependency */,
			);
			name = HDWalletTests;
			productName = HDWalletTests;
			productReference = BC2D65ED2204FF6C001C6DA3 /* HDWalletTests.xctest */;
			productType = "com.apple.product-type.bundle.unit-test";
		};
		BC2D65F72204FF6C001C6DA3 /* HDWalletUITests */ = {
			isa = PBXNativeTarget;
			buildConfigurationList = BC2D66072204FF6C001C6DA3 /* Build configuration list for PBXNativeTarget "HDWalletUITests" */;
			buildPhases = (
				BC2D65F42204FF6C001C6DA3 /* Sources */,
				BC2D65F52204FF6C001C6DA3 /* Frameworks */,
				BC2D65F62204FF6C001C6DA3 /* Resources */,
			);
			buildRules = (
			);
			dependencies = (
				BC2D65FA2204FF6C001C6DA3 /* PBXTargetDependency */,
			);
			name = HDWalletUITests;
			productName = HDWalletUITests;
			productReference = BC2D65F82204FF6C001C6DA3 /* HDWalletUITests.xctest */;
			productType = "com.apple.product-type.bundle.ui-testing";
		};
/* End PBXNativeTarget section */

/* Begin PBXProject section */
		BC2D65CE2204FF6A001C6DA3 /* Project object */ = {
			isa = PBXProject;
			attributes = {
				LastSwiftUpdateCheck = 1010;
				LastUpgradeCheck = 1010;
				ORGANIZATIONNAME = "Brett Doffing";
				TargetAttributes = {
					BC2D65D52204FF6A001C6DA3 = {
						CreatedOnToolsVersion = 10.1;
					};
					BC2D65EC2204FF6C001C6DA3 = {
						CreatedOnToolsVersion = 10.1;
						TestTargetID = BC2D65D52204FF6A001C6DA3;
					};
					BC2D65F72204FF6C001C6DA3 = {
						CreatedOnToolsVersion = 10.1;
						TestTargetID = BC2D65D52204FF6A001C6DA3;
					};
				};
			};
			buildConfigurationList = BC2D65D12204FF6A001C6DA3 /* Build configuration list for PBXProject "HDWallet" */;
			compatibilityVersion = "Xcode 9.3";
			developmentRegion = en;
			hasScannedForEncodings = 0;
			knownRegions = (
				en,
				Base,
			);
			mainGroup = BC2D65CD2204FF6A001C6DA3;
			productRefGroup = BC2D65D72204FF6B001C6DA3 /* Products */;
			projectDirPath = "";
			projectRoot = "";
			targets = (
				BC2D65D52204FF6A001C6DA3 /* HDWallet */,
				BC2D65EC2204FF6C001C6DA3 /* HDWalletTests */,
				BC2D65F72204FF6C001C6DA3 /* HDWalletUITests */,
			);
		};
/* End PBXProject section */

/* Begin PBXResourcesBuildPhase section */
		BC2D65D42204FF6A001C6DA3 /* Resources */ = {
			isa = PBXResourcesBuildPhase;
			buildActionMask = 2147483647;
			files = (
				BC509D4F224D9386009E4F31 /* SeedWordsVC.xib in Resources */,
				BC2D65E72204FF6B001C6DA3 /* LaunchScreen.storyboard in Resources */,
				BC08F8E6226A378E008D09FB /* Ubuntu-BoldItalic.ttf in Resources */,
				BC509D4B224C8A5D009E4F31 /* RootNavigationController.xib in Resources */,
				BC509D49224C851F009E4F31 /* ReceiveVC.xib in Resources */,
				BC74423E225E34E6000E4D45 /* SettingsVC.xib in Resources */,
				BC744242225E3512000E4D45 /* TransactionsVC.xib in Resources */,
				BC744238225C354A000E4D45 /* SendVC.xib in Resources */,
				BC2D65E42204FF6B001C6DA3 /* Assets.xcassets in Resources */,
				BC08F8F2226A6FF7008D09FB /* LeftSidePanelVC.xib in Resources */,
			);
			runOnlyForDeploymentPostprocessing = 0;
		};
		BC2D65EB2204FF6C001C6DA3 /* Resources */ = {
			isa = PBXResourcesBuildPhase;
			buildActionMask = 2147483647;
			files = (
			);
			runOnlyForDeploymentPostprocessing = 0;
		};
		BC2D65F62204FF6C001C6DA3 /* Resources */ = {
			isa = PBXResourcesBuildPhase;
			buildActionMask = 2147483647;
			files = (
			);
			runOnlyForDeploymentPostprocessing = 0;
		};
/* End PBXResourcesBuildPhase section */

/* Begin PBXSourcesBuildPhase section */
		BC2D65D22204FF6A001C6DA3 /* Sources */ = {
			isa = PBXSourcesBuildPhase;
			buildActionMask = 2147483647;
			files = (
				BC509D3F224A368A009E4F31 /* RIPEMD160.swift in Sources */,
				BC509D4D224D9373009E4F31 /* SeedWordsVC.swift in Sources */,
				BC736511223471DA009E2533 /* TxOutput.swift in Sources */,
				BC509D47224C82F0009E4F31 /* RootNavigationController.swift in Sources */,
				BC509D43224C7EC3009E4F31 /* ReceiveVC.swift in Sources */,
				BC7364F7222AFD43009E2533 /* BTCCurve.swift in Sources */,
				BC54B92C224050AC00FCE894 /* BTCkOP_CODES.swift in Sources */,
				BC509D272246EA22009E4F31 /* Mnemonic.swift in Sources */,
				BC7365092232DA77009E2533 /* BTCNetwork.swift in Sources */,
				BC54B9282240466200FCE894 /* BTCScript.swift in Sources */,
				BC744218225B9C89000E4D45 /* scalar_impl.swift in Sources */,
				BC2D662E220500D5001C6DA3 /* SMP.swift in Sources */,
				BC744229225B9C89000E4D45 /* scalar_8x32.swift in Sources */,
				BC73650D223442BE009E2533 /* BTCTransaction.swift in Sources */,
				BC744232225BFAA6000E4D45 /* SendVC.swift in Sources */,
				BC74422E225BBB66000E4D45 /* TabBarVC.swift in Sources */,
				BC74421B225B9C89000E4D45 /* eckey_impl.swift in Sources */,
				BC509CFA22433A11009E4F31 /* BIP47.swift in Sources */,
				BC744226225B9C89000E4D45 /* field_impl.swift in Sources */,
				BC744244225FE0B7000E4D45 /* Extensions.swift in Sources */,
				BC744224225B9C89000E4D45 /* field_10x26.swift in Sources */,
				BC744220225B9C89000E4D45 /* group_impl.swift in Sources */,
				BC2D6631220500D5001C6DA3 /* Data+Bitcoin.swift in Sources */,
				BC74421C225B9C89000E4D45 /* field_10x26_impl.swift in Sources */,
				BC7364FD222DA4B2009E2533 /* BTCKeychain.swift in Sources */,
				BC744227225B9C89000E4D45 /* PBHex.swift in Sources */,
				BC74421E225B9C89000E4D45 /* scalar_8x32_impl.swift in Sources */,
				BC744222225B9C89000E4D45 /* hash_impl.swift in Sources */,
				BC744240225E34FF000E4D45 /* TransactionsVC.swift in Sources */,
				BC74423A225CF7C8000E4D45 /* QRImageView.swift in Sources */,
				BC55826E2217D6E50004A40D /* BlockstreamService.swift in Sources */,
				BC08F8E8226A582E008D09FB /* RootContainerVC.swift in Sources */,
				BC74423C225E34A9000E4D45 /* SettingsVC.swift in Sources */,
				BC2D65DA2204FF6B001C6DA3 /* AppDelegate.swift in Sources */,
				BC2D6634220500D5001C6DA3 /* SMP+Bitcoin.swift in Sources */,
				BC509D232246E9D0009E4F31 /* WordList.swift in Sources */,
				BC509D3B2246F606009E4F31 /* PBKDF2.swift in Sources */,
				BC744225225B9C89000E4D45 /* ecmult.swift in Sources */,
				BC74421A225B9C89000E4D45 /* ecdsa_impl.swift in Sources */,
				BC7365072232CC18009E2533 /* ExtendedPrivateKey.swift in Sources */,
				BC509D41224AC310009E4F31 /* BTCKeychainType.swift in Sources */,
				BC74421F225B9C89000E4D45 /* group.swift in Sources */,
				BC744223225B9C89000E4D45 /* secp256k1.swift in Sources */,
				BC744221225B9C89000E4D45 /* util.swift in Sources */,
				BC7365052232CC03009E2533 /* ExtendedPublicKey.swift in Sources */,
				BC744236225C19C9000E4D45 /* QRScanningView.swift in Sources */,
				BC2D6637220500D5001C6DA3 /* String+Bitcoin.swift in Sources */,
				BC744219225B9C89000E4D45 /* PBInt.swift in Sources */,
				BC744213225B9C89000E4D45 /* recovery.swift in Sources */,
				BC744212225B9C89000E4D45 /* ecmult_static_context.swift in Sources */,
				BC074E7822580AFD00311107 /* KeychainPasswordItem.swift in Sources */,
				BC744211225B9C89000E4D45 /* ecmult_impl.swift in Sources */,
				BC74422A225B9C89000E4D45 /* gen_context.swift in Sources */,
				BC744228225B9C89000E4D45 /* ecmult_gen.swift in Sources */,
				BC744214225B9C89000E4D45 /* lax_der_parsing.swift in Sources */,
				BC2D65E22204FF6B001C6DA3 /* HDWallet.xcdatamodeld in Sources */,
				BC74421D225B9C89000E4D45 /* ecmult_const_impl.swift in Sources */,
				BC744215225B9C89000E4D45 /* ecmult_gen_impl.swift in Sources */,
				BC08F8EA226A5C95008D09FB /* LeftSidePanelVC.swift in Sources */,
				BC2D6636220500D5001C6DA3 /* SHA256.swift in Sources */,
				BC744217225B9C89000E4D45 /* lax_der_privatekey_parsing.swift in Sources */,
				BC744216225B9C89000E4D45 /* hash.swift in Sources */,
				BC509D252246E9F7009E4F31 /* SegwitAddrCoder.swift in Sources */,
				BC509D2B2246EA8C009E4F31 /* Bech32.swift in Sources */,
			);
			runOnlyForDeploymentPostprocessing = 0;
		};
		BC2D65E92204FF6C001C6DA3 /* Sources */ = {
			isa = PBXSourcesBuildPhase;
			buildActionMask = 2147483647;
			files = (
				BC736501222DC1B7009E2533 /* BTCKeychainTests.swift in Sources */,
				BC73650B22333A99009E2533 /* BTCKeyTests.swift in Sources */,
				BC73652122367702009E2533 /* BTCTransactionTests.swift in Sources */,
				BC509D3D224702E6009E4F31 /* MnemonicTests.swift in Sources */,
				BC509CFC22433B9A009E4F31 /* BIP47Tests.swift in Sources */,
				BC074E762257FABF00311107 /* iOSKeychainTests.swift in Sources */,
				BC7364F9222B549E009E2533 /* BTCCurveTests.swift in Sources */,
			);
			runOnlyForDeploymentPostprocessing = 0;
		};
		BC2D65F42204FF6C001C6DA3 /* Sources */ = {
			isa = PBXSourcesBuildPhase;
			buildActionMask = 2147483647;
			files = (
				BC2D65FD2204FF6C001C6DA3 /* HDWalletUITests.swift in Sources */,
			);
			runOnlyForDeploymentPostprocessing = 0;
		};
/* End PBXSourcesBuildPhase section */

/* Begin PBXTargetDependency section */
		BC2D65EF2204FF6C001C6DA3 /* PBXTargetDependency */ = {
			isa = PBXTargetDependency;
			target = BC2D65D52204FF6A001C6DA3 /* HDWallet */;
			targetProxy = BC2D65EE2204FF6C001C6DA3 /* PBXContainerItemProxy */;
		};
		BC2D65FA2204FF6C001C6DA3 /* PBXTargetDependency */ = {
			isa = PBXTargetDependency;
			target = BC2D65D52204FF6A001C6DA3 /* HDWallet */;
			targetProxy = BC2D65F92204FF6C001C6DA3 /* PBXContainerItemProxy */;
		};
/* End PBXTargetDependency section */

/* Begin PBXVariantGroup section */
		BC2D65E52204FF6B001C6DA3 /* LaunchScreen.storyboard */ = {
			isa = PBXVariantGroup;
			children = (
				BC2D65E62204FF6B001C6DA3 /* Base */,
			);
			name = LaunchScreen.storyboard;
			sourceTree = "<group>";
		};
/* End PBXVariantGroup section */

/* Begin XCBuildConfiguration section */
		BC2D65FF2204FF6C001C6DA3 /* Debug */ = {
			isa = XCBuildConfiguration;
			buildSettings = {
				ALWAYS_SEARCH_USER_PATHS = NO;
				CLANG_ANALYZER_NONNULL = YES;
				CLANG_ANALYZER_NUMBER_OBJECT_CONVERSION = YES_AGGRESSIVE;
				CLANG_CXX_LANGUAGE_STANDARD = "gnu++14";
				CLANG_CXX_LIBRARY = "libc++";
				CLANG_ENABLE_MODULES = YES;
				CLANG_ENABLE_OBJC_ARC = YES;
				CLANG_ENABLE_OBJC_WEAK = YES;
				CLANG_WARN_BLOCK_CAPTURE_AUTORELEASING = YES;
				CLANG_WARN_BOOL_CONVERSION = YES;
				CLANG_WARN_COMMA = YES;
				CLANG_WARN_CONSTANT_CONVERSION = YES;
				CLANG_WARN_DEPRECATED_OBJC_IMPLEMENTATIONS = YES;
				CLANG_WARN_DIRECT_OBJC_ISA_USAGE = YES_ERROR;
				CLANG_WARN_DOCUMENTATION_COMMENTS = YES;
				CLANG_WARN_EMPTY_BODY = YES;
				CLANG_WARN_ENUM_CONVERSION = YES;
				CLANG_WARN_INFINITE_RECURSION = YES;
				CLANG_WARN_INT_CONVERSION = YES;
				CLANG_WARN_NON_LITERAL_NULL_CONVERSION = YES;
				CLANG_WARN_OBJC_IMPLICIT_RETAIN_SELF = YES;
				CLANG_WARN_OBJC_LITERAL_CONVERSION = YES;
				CLANG_WARN_OBJC_ROOT_CLASS = YES_ERROR;
				CLANG_WARN_RANGE_LOOP_ANALYSIS = YES;
				CLANG_WARN_STRICT_PROTOTYPES = YES;
				CLANG_WARN_SUSPICIOUS_MOVE = YES;
				CLANG_WARN_UNGUARDED_AVAILABILITY = YES_AGGRESSIVE;
				CLANG_WARN_UNREACHABLE_CODE = YES;
				CLANG_WARN__DUPLICATE_METHOD_MATCH = YES;
				CODE_SIGN_IDENTITY = "iPhone Developer";
				COPY_PHASE_STRIP = NO;
				DEBUG_INFORMATION_FORMAT = dwarf;
				ENABLE_STRICT_OBJC_MSGSEND = YES;
				ENABLE_TESTABILITY = YES;
				GCC_C_LANGUAGE_STANDARD = gnu11;
				GCC_DYNAMIC_NO_PIC = NO;
				GCC_NO_COMMON_BLOCKS = YES;
				GCC_OPTIMIZATION_LEVEL = 0;
				GCC_PREPROCESSOR_DEFINITIONS = (
					"DEBUG=1",
					"$(inherited)",
				);
				GCC_WARN_64_TO_32_BIT_CONVERSION = YES;
				GCC_WARN_ABOUT_RETURN_TYPE = YES_ERROR;
				GCC_WARN_UNDECLARED_SELECTOR = YES;
				GCC_WARN_UNINITIALIZED_AUTOS = YES_AGGRESSIVE;
				GCC_WARN_UNUSED_FUNCTION = YES;
				GCC_WARN_UNUSED_VARIABLE = YES;
				IPHONEOS_DEPLOYMENT_TARGET = 12.1;
				MTL_ENABLE_DEBUG_INFO = INCLUDE_SOURCE;
				MTL_FAST_MATH = YES;
				ONLY_ACTIVE_ARCH = YES;
				SDKROOT = iphoneos;
				SWIFT_ACTIVE_COMPILATION_CONDITIONS = DEBUG;
				SWIFT_OPTIMIZATION_LEVEL = "-Onone";
			};
			name = Debug;
		};
		BC2D66002204FF6C001C6DA3 /* Release */ = {
			isa = XCBuildConfiguration;
			buildSettings = {
				ALWAYS_SEARCH_USER_PATHS = NO;
				CLANG_ANALYZER_NONNULL = YES;
				CLANG_ANALYZER_NUMBER_OBJECT_CONVERSION = YES_AGGRESSIVE;
				CLANG_CXX_LANGUAGE_STANDARD = "gnu++14";
				CLANG_CXX_LIBRARY = "libc++";
				CLANG_ENABLE_MODULES = YES;
				CLANG_ENABLE_OBJC_ARC = YES;
				CLANG_ENABLE_OBJC_WEAK = YES;
				CLANG_WARN_BLOCK_CAPTURE_AUTORELEASING = YES;
				CLANG_WARN_BOOL_CONVERSION = YES;
				CLANG_WARN_COMMA = YES;
				CLANG_WARN_CONSTANT_CONVERSION = YES;
				CLANG_WARN_DEPRECATED_OBJC_IMPLEMENTATIONS = YES;
				CLANG_WARN_DIRECT_OBJC_ISA_USAGE = YES_ERROR;
				CLANG_WARN_DOCUMENTATION_COMMENTS = YES;
				CLANG_WARN_EMPTY_BODY = YES;
				CLANG_WARN_ENUM_CONVERSION = YES;
				CLANG_WARN_INFINITE_RECURSION = YES;
				CLANG_WARN_INT_CONVERSION = YES;
				CLANG_WARN_NON_LITERAL_NULL_CONVERSION = YES;
				CLANG_WARN_OBJC_IMPLICIT_RETAIN_SELF = YES;
				CLANG_WARN_OBJC_LITERAL_CONVERSION = YES;
				CLANG_WARN_OBJC_ROOT_CLASS = YES_ERROR;
				CLANG_WARN_RANGE_LOOP_ANALYSIS = YES;
				CLANG_WARN_STRICT_PROTOTYPES = YES;
				CLANG_WARN_SUSPICIOUS_MOVE = YES;
				CLANG_WARN_UNGUARDED_AVAILABILITY = YES_AGGRESSIVE;
				CLANG_WARN_UNREACHABLE_CODE = YES;
				CLANG_WARN__DUPLICATE_METHOD_MATCH = YES;
				CODE_SIGN_IDENTITY = "iPhone Developer";
				COPY_PHASE_STRIP = NO;
				DEBUG_INFORMATION_FORMAT = "dwarf-with-dsym";
				ENABLE_NS_ASSERTIONS = NO;
				ENABLE_STRICT_OBJC_MSGSEND = YES;
				GCC_C_LANGUAGE_STANDARD = gnu11;
				GCC_NO_COMMON_BLOCKS = YES;
				GCC_WARN_64_TO_32_BIT_CONVERSION = YES;
				GCC_WARN_ABOUT_RETURN_TYPE = YES_ERROR;
				GCC_WARN_UNDECLARED_SELECTOR = YES;
				GCC_WARN_UNINITIALIZED_AUTOS = YES_AGGRESSIVE;
				GCC_WARN_UNUSED_FUNCTION = YES;
				GCC_WARN_UNUSED_VARIABLE = YES;
				IPHONEOS_DEPLOYMENT_TARGET = 12.1;
				MTL_ENABLE_DEBUG_INFO = NO;
				MTL_FAST_MATH = YES;
				SDKROOT = iphoneos;
				SWIFT_COMPILATION_MODE = wholemodule;
				SWIFT_OPTIMIZATION_LEVEL = "-O";
				VALIDATE_PRODUCT = YES;
			};
			name = Release;
		};
		BC2D66022204FF6C001C6DA3 /* Debug */ = {
			isa = XCBuildConfiguration;
			buildSettings = {
				ASSETCATALOG_COMPILER_APPICON_NAME = AppIcon;
				CODE_SIGN_STYLE = Automatic;
				DEVELOPMENT_TEAM = K4K7MSEQ3F;
				FRAMEWORK_SEARCH_PATHS = (
					"$(inherited)",
					"$(PROJECT_DIR)",
				);
				INFOPLIST_FILE = HDWallet/Info.plist;
				LD_RUNPATH_SEARCH_PATHS = (
					"$(inherited)",
					"@executable_path/Frameworks",
				);
				PRODUCT_BUNDLE_IDENTIFIER = com.BCD.HDWallet;
				PRODUCT_NAME = "$(TARGET_NAME)";
				SWIFT_VERSION = 4.2;
				TARGETED_DEVICE_FAMILY = 1;
			};
			name = Debug;
		};
		BC2D66032204FF6C001C6DA3 /* Release */ = {
			isa = XCBuildConfiguration;
			buildSettings = {
				ASSETCATALOG_COMPILER_APPICON_NAME = AppIcon;
				CODE_SIGN_STYLE = Automatic;
				DEVELOPMENT_TEAM = K4K7MSEQ3F;
				FRAMEWORK_SEARCH_PATHS = (
					"$(inherited)",
					"$(PROJECT_DIR)",
				);
				INFOPLIST_FILE = HDWallet/Info.plist;
				LD_RUNPATH_SEARCH_PATHS = (
					"$(inherited)",
					"@executable_path/Frameworks",
				);
				PRODUCT_BUNDLE_IDENTIFIER = com.BCD.HDWallet;
				PRODUCT_NAME = "$(TARGET_NAME)";
				SWIFT_VERSION = 4.2;
				TARGETED_DEVICE_FAMILY = 1;
			};
			name = Release;
		};
		BC2D66052204FF6C001C6DA3 /* Debug */ = {
			isa = XCBuildConfiguration;
			buildSettings = {
				ALWAYS_EMBED_SWIFT_STANDARD_LIBRARIES = YES;
				BUNDLE_LOADER = "$(TEST_HOST)";
				CODE_SIGN_STYLE = Automatic;
				FRAMEWORK_SEARCH_PATHS = (
					"$(inherited)",
					"$(PROJECT_DIR)",
				);
				INFOPLIST_FILE = HDWalletTests/Info.plist;
				LD_RUNPATH_SEARCH_PATHS = (
					"$(inherited)",
					"@executable_path/Frameworks",
					"@loader_path/Frameworks",
				);
				PRODUCT_BUNDLE_IDENTIFIER = com.BCD.HDWalletTests;
				PRODUCT_NAME = "$(TARGET_NAME)";
				SWIFT_VERSION = 4.2;
				TARGETED_DEVICE_FAMILY = "1,2";
				TEST_HOST = "$(BUILT_PRODUCTS_DIR)/HDWallet.app/HDWallet";
			};
			name = Debug;
		};
		BC2D66062204FF6C001C6DA3 /* Release */ = {
			isa = XCBuildConfiguration;
			buildSettings = {
				ALWAYS_EMBED_SWIFT_STANDARD_LIBRARIES = YES;
				BUNDLE_LOADER = "$(TEST_HOST)";
				CODE_SIGN_STYLE = Automatic;
				FRAMEWORK_SEARCH_PATHS = (
					"$(inherited)",
					"$(PROJECT_DIR)",
				);
				INFOPLIST_FILE = HDWalletTests/Info.plist;
				LD_RUNPATH_SEARCH_PATHS = (
					"$(inherited)",
					"@executable_path/Frameworks",
					"@loader_path/Frameworks",
				);
				PRODUCT_BUNDLE_IDENTIFIER = com.BCD.HDWalletTests;
				PRODUCT_NAME = "$(TARGET_NAME)";
				SWIFT_VERSION = 4.2;
				TARGETED_DEVICE_FAMILY = "1,2";
				TEST_HOST = "$(BUILT_PRODUCTS_DIR)/HDWallet.app/HDWallet";
			};
			name = Release;
		};
		BC2D66082204FF6C001C6DA3 /* Debug */ = {
			isa = XCBuildConfiguration;
			buildSettings = {
				ALWAYS_EMBED_SWIFT_STANDARD_LIBRARIES = YES;
				CODE_SIGN_STYLE = Automatic;
				INFOPLIST_FILE = HDWalletUITests/Info.plist;
				LD_RUNPATH_SEARCH_PATHS = (
					"$(inherited)",
					"@executable_path/Frameworks",
					"@loader_path/Frameworks",
				);
				PRODUCT_BUNDLE_IDENTIFIER = com.BCD.HDWalletUITests;
				PRODUCT_NAME = "$(TARGET_NAME)";
				SWIFT_VERSION = 4.2;
				TARGETED_DEVICE_FAMILY = "1,2";
				TEST_TARGET_NAME = HDWallet;
			};
			name = Debug;
		};
		BC2D66092204FF6C001C6DA3 /* Release */ = {
			isa = XCBuildConfiguration;
			buildSettings = {
				ALWAYS_EMBED_SWIFT_STANDARD_LIBRARIES = YES;
				CODE_SIGN_STYLE = Automatic;
				INFOPLIST_FILE = HDWalletUITests/Info.plist;
				LD_RUNPATH_SEARCH_PATHS = (
					"$(inherited)",
					"@executable_path/Frameworks",
					"@loader_path/Frameworks",
				);
				PRODUCT_BUNDLE_IDENTIFIER = com.BCD.HDWalletUITests;
				PRODUCT_NAME = "$(TARGET_NAME)";
				SWIFT_VERSION = 4.2;
				TARGETED_DEVICE_FAMILY = "1,2";
				TEST_TARGET_NAME = HDWallet;
			};
			name = Release;
		};
/* End XCBuildConfiguration section */

/* Begin XCConfigurationList section */
		BC2D65D12204FF6A001C6DA3 /* Build configuration list for PBXProject "HDWallet" */ = {
			isa = XCConfigurationList;
			buildConfigurations = (
				BC2D65FF2204FF6C001C6DA3 /* Debug */,
				BC2D66002204FF6C001C6DA3 /* Release */,
			);
			defaultConfigurationIsVisible = 0;
			defaultConfigurationName = Release;
		};
		BC2D66012204FF6C001C6DA3 /* Build configuration list for PBXNativeTarget "HDWallet" */ = {
			isa = XCConfigurationList;
			buildConfigurations = (
				BC2D66022204FF6C001C6DA3 /* Debug */,
				BC2D66032204FF6C001C6DA3 /* Release */,
			);
			defaultConfigurationIsVisible = 0;
			defaultConfigurationName = Release;
		};
		BC2D66042204FF6C001C6DA3 /* Build configuration list for PBXNativeTarget "HDWalletTests" */ = {
			isa = XCConfigurationList;
			buildConfigurations = (
				BC2D66052204FF6C001C6DA3 /* Debug */,
				BC2D66062204FF6C001C6DA3 /* Release */,
			);
			defaultConfigurationIsVisible = 0;
			defaultConfigurationName = Release;
		};
		BC2D66072204FF6C001C6DA3 /* Build configuration list for PBXNativeTarget "HDWalletUITests" */ = {
			isa = XCConfigurationList;
			buildConfigurations = (
				BC2D66082204FF6C001C6DA3 /* Debug */,
				BC2D66092204FF6C001C6DA3 /* Release */,
			);
			defaultConfigurationIsVisible = 0;
			defaultConfigurationName = Release;
		};
/* End XCConfigurationList section */

/* Begin XCVersionGroup section */
		BC2D65E02204FF6B001C6DA3 /* HDWallet.xcdatamodeld */ = {
			isa = XCVersionGroup;
			children = (
				BC2D65E12204FF6B001C6DA3 /* HDWallet.xcdatamodel */,
			);
			currentVersion = BC2D65E12204FF6B001C6DA3 /* HDWallet.xcdatamodel */;
			path = HDWallet.xcdatamodeld;
			sourceTree = "<group>";
			versionGroupType = wrapper.xcdatamodel;
		};
/* End XCVersionGroup section */
	};
	rootObject = BC2D65CE2204FF6A001C6DA3 /* Project object */;
}
